
Microsoft Visual Studio Solution File, Format Version 12.00
# Visual Studio Version 16
VisualStudioVersion = 16.0.32126.315
MinimumVisualStudioVersion = 10.0.40219.1
Project("{FAE04EC0-301F-11D3-BF4B-00C04F79EFBC}") = "StockManagment", "StockManagment\StockManagment.csproj", "{4AC0B4F8-928B-40B5-A264-429DA0267393}"
EndProject
Global
	GlobalSection(SolutionConfigurationPlatforms) = preSolution
		Debug|Any CPU = Debug|Any CPU
		Release|Any CPU = Release|Any CPU
	EndGlobalSection
	GlobalSection(ProjectConfigurationPlatforms) = postSolution
		{4AC0B4F8-928B-40B5-A264-429DA0267393}.Debug|Any CPU.ActiveCfg = Debug|Any CPU
		{4AC0B4F8-928B-40B5-A264-429DA0267393}.Debug|Any CPU.Build.0 = Debug|Any CPU
		{4AC0B4F8-928B-40B5-A264-429DA0267393}.Release|Any CPU.ActiveCfg = Release|Any CPU
		{4AC0B4F8-928B-40B5-A264-429DA0267393}.Release|Any CPU.Build.0 = Release|Any CPU
	EndGlobalSection
	GlobalSection(SolutionProperties) = preSolution
		HideSolutionNode = FALSE
	EndGlobalSection
	GlobalSection(ExtensibilityGlobals) = postSolution
		SolutionGuid = {F64B7AF3-04F6-459B-8A54-F3F8BAF1D29A}
	EndGlobalSection
EndGlobal
