
Microsoft Visual Studio Solution File, Format Version 12.00
# Visual Studio Version 17
VisualStudioVersion = 17.0.32126.317
MinimumVisualStudioVersion = 10.0.40219.1
Project("{FAE04EC0-301F-11D3-BF4B-00C04F79EFBC}") = "MealsOnWheels", "MealsOnWheels\MealsOnWheels.csproj", "{B879C0A8-F935-4B9F-8C78-A4D89DA91005}"
EndProject
Global
	GlobalSection(SolutionConfigurationPlatforms) = preSolution
		Debug|Any CPU = Debug|Any CPU
		Release|Any CPU = Release|Any CPU
	EndGlobalSection
	GlobalSection(ProjectConfigurationPlatforms) = postSolution
		{B879C0A8-F935-4B9F-8C78-A4D89DA91005}.Debug|Any CPU.ActiveCfg = Debug|Any CPU
		{B879C0A8-F935-4B9F-8C78-A4D89DA91005}.Debug|Any CPU.Build.0 = Debug|Any CPU
		{B879C0A8-F935-4B9F-8C78-A4D89DA91005}.Release|Any CPU.ActiveCfg = Release|Any CPU
		{B879C0A8-F935-4B9F-8C78-A4D89DA91005}.Release|Any CPU.Build.0 = Release|Any CPU
	EndGlobalSection
	GlobalSection(SolutionProperties) = preSolution
		HideSolutionNode = FALSE
	EndGlobalSection
	GlobalSection(ExtensibilityGlobals) = postSolution
		SolutionGuid = {32F6F9DA-6D60-4E65-B3CE-4D0EDD71E11D}
	EndGlobalSection
EndGlobal
