
Microsoft Visual Studio Solution File, Format Version 12.00
# Visual Studio Version 17
VisualStudioVersion = 17.0.32126.317
MinimumVisualStudioVersion = 10.0.40219.1
Project("{FAE04EC0-301F-11D3-BF4B-00C04F79EFBC}") = "PRGGA4Q1", "PRGGA4Q1\PRGGA4Q1.csproj", "{0E8F7EA6-C6C0-46D4-A90E-B4718D7C211D}"
EndProject
Global
	GlobalSection(SolutionConfigurationPlatforms) = preSolution
		Debug|Any CPU = Debug|Any CPU
		Release|Any CPU = Release|Any CPU
	EndGlobalSection
	GlobalSection(ProjectConfigurationPlatforms) = postSolution
		{0E8F7EA6-C6C0-46D4-A90E-B4718D7C211D}.Debug|Any CPU.ActiveCfg = Debug|Any CPU
		{0E8F7EA6-C6C0-46D4-A90E-B4718D7C211D}.Debug|Any CPU.Build.0 = Debug|Any CPU
		{0E8F7EA6-C6C0-46D4-A90E-B4718D7C211D}.Release|Any CPU.ActiveCfg = Release|Any CPU
		{0E8F7EA6-C6C0-46D4-A90E-B4718D7C211D}.Release|Any CPU.Build.0 = Release|Any CPU
	EndGlobalSection
	GlobalSection(SolutionProperties) = preSolution
		HideSolutionNode = FALSE
	EndGlobalSection
	GlobalSection(ExtensibilityGlobals) = postSolution
		SolutionGuid = {40BADB10-47AF-470C-BF34-57583ABED048}
	EndGlobalSection
EndGlobal
