
Microsoft Visual Studio Solution File, Format Version 12.00
# Visual Studio Version 17
VisualStudioVersion = 17.0.32126.317
MinimumVisualStudioVersion = 10.0.40219.1
Project("{FAE04EC0-301F-11D3-BF4B-00C04F79EFBC}") = "Dice Competition", "Dice Competition\Dice Competition.csproj", "{DB43B4BC-61FD-4F9C-B5A9-B1526560CE92}"
EndProject
Global
	GlobalSection(SolutionConfigurationPlatforms) = preSolution
		Debug|Any CPU = Debug|Any CPU
		Release|Any CPU = Release|Any CPU
	EndGlobalSection
	GlobalSection(ProjectConfigurationPlatforms) = postSolution
		{DB43B4BC-61FD-4F9C-B5A9-B1526560CE92}.Debug|Any CPU.ActiveCfg = Debug|Any CPU
		{DB43B4BC-61FD-4F9C-B5A9-B1526560CE92}.Debug|Any CPU.Build.0 = Debug|Any CPU
		{DB43B4BC-61FD-4F9C-B5A9-B1526560CE92}.Release|Any CPU.ActiveCfg = Release|Any CPU
		{DB43B4BC-61FD-4F9C-B5A9-B1526560CE92}.Release|Any CPU.Build.0 = Release|Any CPU
	EndGlobalSection
	GlobalSection(SolutionProperties) = preSolution
		HideSolutionNode = FALSE
	EndGlobalSection
	GlobalSection(ExtensibilityGlobals) = postSolution
		SolutionGuid = {FE89B4B5-9FEB-4354-9A2A-81A6536A6398}
	EndGlobalSection
EndGlobal
