
Microsoft Visual Studio Solution File, Format Version 12.00
# Visual Studio Version 16
VisualStudioVersion = 16.0.31613.86
MinimumVisualStudioVersion = 10.0.40219.1
Project("{FAE04EC0-301F-11D3-BF4B-00C04F79EFBC}") = "class", "class\class.csproj", "{FD409044-92D6-44B9-A125-5E960BC62F47}"
EndProject
Project("{FAE04EC0-301F-11D3-BF4B-00C04F79EFBC}") = "ConsoleApp1", "ConsoleApp1\ConsoleApp1.csproj", "{C130B9B5-3CF7-4C39-8A23-7F97A7116032}"
EndProject
Global
	GlobalSection(SolutionConfigurationPlatforms) = preSolution
		Debug|Any CPU = Debug|Any CPU
		Release|Any CPU = Release|Any CPU
	EndGlobalSection
	GlobalSection(ProjectConfigurationPlatforms) = postSolution
		{FD409044-92D6-44B9-A125-5E960BC62F47}.Debug|Any CPU.ActiveCfg = Debug|Any CPU
		{FD409044-92D6-44B9-A125-5E960BC62F47}.Debug|Any CPU.Build.0 = Debug|Any CPU
		{FD409044-92D6-44B9-A125-5E960BC62F47}.Release|Any CPU.ActiveCfg = Release|Any CPU
		{FD409044-92D6-44B9-A125-5E960BC62F47}.Release|Any CPU.Build.0 = Release|Any CPU
		{C130B9B5-3CF7-4C39-8A23-7F97A7116032}.Debug|Any CPU.ActiveCfg = Debug|Any CPU
		{C130B9B5-3CF7-4C39-8A23-7F97A7116032}.Debug|Any CPU.Build.0 = Debug|Any CPU
		{C130B9B5-3CF7-4C39-8A23-7F97A7116032}.Release|Any CPU.ActiveCfg = Release|Any CPU
		{C130B9B5-3CF7-4C39-8A23-7F97A7116032}.Release|Any CPU.Build.0 = Release|Any CPU
	EndGlobalSection
	GlobalSection(SolutionProperties) = preSolution
		HideSolutionNode = FALSE
	EndGlobalSection
	GlobalSection(ExtensibilityGlobals) = postSolution
		SolutionGuid = {0FD20B1B-E559-43BE-B70A-46C0A5A03C00}
	EndGlobalSection
EndGlobal
